<?xml version="1.0" encoding="utf-8"?>
<Project ToolsVersion="4.0" xmlns="http://schemas.microsoft.com/developer/msbuild/2003">
  <ItemGroup>
    <Filter Include="source">
      <UniqueIdentifier>{0327148b-30e9-44b1-b93b-823a2b74ce22}</UniqueIdentifier>
    </Filter>
    <Filter Include="projects">
      <UniqueIdentifier>{4FC737F1-C7A5-4376-A066-2A32D752A2FF}</UniqueIdentifier>
      <Extensions>cpp;c;cc;cxx;def;odl;idl;hpj;bat;asm;asmx</Extensions>
    </Filter>
    <Filter Include="source\components">
      <UniqueIdentifier>{b18ae8ad-eae0-4e39-838c-72f429b76e45}</UniqueIdentifier>
    </Filter>
    <Filter Include="source\files">
      <UniqueIdentifier>{56849995-541c-4251-ae5c-287c45a3eb01}</UniqueIdentifier>
    </Filter>
    <Filter Include="source\interfaces">
      <UniqueIdentifier>{31144bdb-cd52-4d91-ad76-77e502aab51a}</UniqueIdentifier>
    </Filter>
    <Filter Include="source\manager">
      <UniqueIdentifier>{353c709e-a8dd-4a60-876c-948f7b466c41}</UniqueIdentifier>
    </Filter>
    <Filter Include="source\utilities">
      <UniqueIdentifier>{f4aaf58e-ee1f-441f-a0df-c16671c961b0}</UniqueIdentifier>
    </Filter>
    <Filter Include="source\components\audio">
      <UniqueIdentifier>{6fd143c3-82bb-40a0-aebb-ed996fc4e51e}</UniqueIdentifier>
    </Filter>
    <Filter Include="source\components\graphics">
      <UniqueIdentifier>{3539efa7-6ded-46a7-8593-4c89e6826158}</UniqueIdentifier>
    </Filter>
    <Filter Include="source\components\system">
      <UniqueIdentifier>{14ac0c65-cbb3-43eb-923c-c89bf8da5eaf}</UniqueIdentifier>
    </Filter>
  </ItemGroup>
  <ItemGroup>
    <ClCompile Include="..\..\main.cpp">
      <Filter>projects</Filter>
    </ClCompile>
    <ClCompile Include="..\..\..\source\components\audio\coreSound.cpp">
      <Filter>source\components\audio</Filter>
    </ClCompile>
    <ClCompile Include="..\..\..\source\components\graphics\coreShader.cpp">
      <Filter>source\components\graphics</Filter>
    </ClCompile>
    <ClCompile Include="..\..\..\source\components\graphics\coreTexture.cpp">
      <Filter>source\components\graphics</Filter>
    </ClCompile>
    <ClCompile Include="..\..\..\source\components\system\coreThread.cpp">
      <Filter>source\components\system</Filter>
    </ClCompile>
    <ClCompile Include="..\..\..\source\components\system\coreTimer.cpp">
      <Filter>source\components\system</Filter>
    </ClCompile>
    <ClCompile Include="..\..\..\source\files\coreArchive.cpp">
      <Filter>source\files</Filter>
    </ClCompile>
    <ClCompile Include="..\..\..\source\files\coreConfig.cpp">
      <Filter>source\files</Filter>
    </ClCompile>
    <ClCompile Include="..\..\..\source\files\coreLog.cpp">
      <Filter>source\files</Filter>
    </ClCompile>
    <ClCompile Include="..\..\..\source\interfaces\CoreAudio.cpp">
      <Filter>source\interfaces</Filter>
    </ClCompile>
    <ClCompile Include="..\..\..\source\interfaces\CoreGraphics.cpp">
      <Filter>source\interfaces</Filter>
    </ClCompile>
    <ClCompile Include="..\..\..\source\interfaces\CoreInput.cpp">
      <Filter>source\interfaces</Filter>
    </ClCompile>
    <ClCompile Include="..\..\..\source\interfaces\CoreSystem.cpp">
      <Filter>source\interfaces</Filter>
    </ClCompile>
    <ClCompile Include="..\..\..\source\utilities\coreMath.cpp">
      <Filter>source\utilities</Filter>
    </ClCompile>
    <ClCompile Include="..\..\..\source\utilities\coreMatrix.cpp">
      <Filter>source\utilities</Filter>
    </ClCompile>
    <ClCompile Include="..\..\..\source\utilities\coreRand.cpp">
      <Filter>source\utilities</Filter>
    </ClCompile>
    <ClCompile Include="..\..\..\source\utilities\coreSpline.cpp">
      <Filter>source\utilities</Filter>
    </ClCompile>
    <ClCompile Include="..\..\..\source\utilities\coreUtils.cpp">
      <Filter>source\utilities</Filter>
    </ClCompile>
    <ClCompile Include="..\..\..\source\utilities\coreVector.cpp">
      <Filter>source\utilities</Filter>
    </ClCompile>
    <ClCompile Include="..\..\..\source\Core.cpp">
      <Filter>source</Filter>
    </ClCompile>
    <ClCompile Include="..\..\..\source\manager\coreResource.cpp">
      <Filter>source\manager</Filter>
    </ClCompile>
  </ItemGroup>
  <ItemGroup>
    <ClInclude Include="..\..\..\source\components\audio\coreSound.h">
      <Filter>source\components\audio</Filter>
    </ClInclude>
    <ClInclude Include="..\..\..\source\components\graphics\coreShader.h">
      <Filter>source\components\graphics</Filter>
    </ClInclude>
    <ClInclude Include="..\..\..\source\components\graphics\coreTexture.h">
      <Filter>source\components\graphics</Filter>
    </ClInclude>
    <ClInclude Include="..\..\..\source\components\system\coreThread.h">
      <Filter>source\components\system</Filter>
    </ClInclude>
    <ClInclude Include="..\..\..\source\components\system\coreTimer.h">
      <Filter>source\components\system</Filter>
    </ClInclude>
    <ClInclude Include="..\..\..\source\files\coreArchive.h">
      <Filter>source\files</Filter>
    </ClInclude>
    <ClInclude Include="..\..\..\source\files\coreConfig.h">
      <Filter>source\files</Filter>
    </ClInclude>
    <ClInclude Include="..\..\..\source\files\coreLog.h">
      <Filter>source\files</Filter>
    </ClInclude>
    <ClInclude Include="..\..\..\source\interfaces\CoreAudio.h">
      <Filter>source\interfaces</Filter>
    </ClInclude>
    <ClInclude Include="..\..\..\source\interfaces\CoreGraphics.h">
      <Filter>source\interfaces</Filter>
    </ClInclude>
    <ClInclude Include="..\..\..\source\interfaces\CoreInput.h">
      <Filter>source\interfaces</Filter>
    </ClInclude>
    <ClInclude Include="..\..\..\source\interfaces\CoreSystem.h">
      <Filter>source\interfaces</Filter>
    </ClInclude>
    <ClInclude Include="..\..\..\source\utilities\coreMath.h">
      <Filter>source\utilities</Filter>
    </ClInclude>
    <ClInclude Include="..\..\..\source\utilities\coreMatrix.h">
      <Filter>source\utilities</Filter>
    </ClInclude>
    <ClInclude Include="..\..\..\source\utilities\coreRand.h">
      <Filter>source\utilities</Filter>
    </ClInclude>
    <ClInclude Include="..\..\..\source\utilities\coreSpline.h">
      <Filter>source\utilities</Filter>
    </ClInclude>
    <ClInclude Include="..\..\..\source\utilities\coreUtils.h">
      <Filter>source\utilities</Filter>
    </ClInclude>
    <ClInclude Include="..\..\..\source\utilities\coreVector.h">
      <Filter>source\utilities</Filter>
    </ClInclude>
    <ClInclude Include="..\..\..\source\Core.h">
      <Filter>source</Filter>
    </ClInclude>
    <ClInclude Include="..\..\..\source\manager\coreResource.h">
      <Filter>source\manager</Filter>
    </ClInclude>
  </ItemGroup>
</Project>