<?xml version="1.0" encoding="utf-8"?>
<Project ToolsVersion="4.0" xmlns="http://schemas.microsoft.com/developer/msbuild/2003">
  <ItemGroup>
    <Filter Include="source">
      <UniqueIdentifier>{0327148b-30e9-44b1-b93b-823a2b74ce22}</UniqueIdentifier>
    </Filter>
    <Filter Include="source\additional">
      <UniqueIdentifier>{ab448a9d-7329-424d-ac5c-302c3421dc19}</UniqueIdentifier>
    </Filter>
    <Filter Include="source\additional\android">
      <UniqueIdentifier>{460240d2-c662-4ec1-948d-fe19c5317d48}</UniqueIdentifier>
    </Filter>
    <Filter Include="source\components">
      <UniqueIdentifier>{b18ae8ad-eae0-4e39-838c-72f429b76e45}</UniqueIdentifier>
    </Filter>
    <Filter Include="source\components\audio">
      <UniqueIdentifier>{6fd143c3-82bb-40a0-aebb-ed996fc4e51e}</UniqueIdentifier>
    </Filter>
    <Filter Include="source\components\graphics">
      <UniqueIdentifier>{3539efa7-6ded-46a7-8593-4c89e6826158}</UniqueIdentifier>
    </Filter>
    <Filter Include="source\components\system">
      <UniqueIdentifier>{14ac0c65-cbb3-43eb-923c-c89bf8da5eaf}</UniqueIdentifier>
    </Filter>
    <Filter Include="source\components\input">
      <UniqueIdentifier>{db90934d-6a12-4101-9941-185bba39d315}</UniqueIdentifier>
    </Filter>
    <Filter Include="source\manager">
      <UniqueIdentifier>{353c709e-a8dd-4a60-876c-948f7b466c41}</UniqueIdentifier>
    </Filter>
    <Filter Include="source\objects">
      <UniqueIdentifier>{db670ba8-277e-4dc2-9410-a7d42f9b8220}</UniqueIdentifier>
    </Filter>
    <Filter Include="source\objects\game">
      <UniqueIdentifier>{8c6b1226-0f6b-4b50-852f-b28b59bda193}</UniqueIdentifier>
    </Filter>
    <Filter Include="source\utilities">
      <UniqueIdentifier>{f4aaf58e-ee1f-441f-a0df-c16671c961b0}</UniqueIdentifier>
    </Filter>
    <Filter Include="source\utilities\data">
      <UniqueIdentifier>{6c2f696f-e569-4cc5-b0af-473d9b5a67f8}</UniqueIdentifier>
    </Filter>
    <Filter Include="source\utilities\math">
      <UniqueIdentifier>{0b9a6127-670f-43f7-b891-87c1ad89e800}</UniqueIdentifier>
    </Filter>
    <Filter Include="source\utilities\file">
      <UniqueIdentifier>{56849995-541c-4251-ae5c-287c45a3eb01}</UniqueIdentifier>
    </Filter>
    <Filter Include="source\objects\menu">
      <UniqueIdentifier>{294dfd1e-3ceb-4b9b-ad55-0314d1cadf6e}</UniqueIdentifier>
    </Filter>
  </ItemGroup>
  <ItemGroup>
    <ClCompile Include="..\..\..\source\components\audio\coreSound.cpp">
      <Filter>source\components\audio</Filter>
    </ClCompile>
    <ClCompile Include="..\..\..\source\components\graphics\coreShader.cpp">
      <Filter>source\components\graphics</Filter>
    </ClCompile>
    <ClCompile Include="..\..\..\source\components\graphics\coreTexture.cpp">
      <Filter>source\components\graphics</Filter>
    </ClCompile>
    <ClCompile Include="..\..\..\source\components\system\coreThread.cpp">
      <Filter>source\components\system</Filter>
    </ClCompile>
    <ClCompile Include="..\..\..\source\components\system\coreTimer.cpp">
      <Filter>source\components\system</Filter>
    </ClCompile>
    <ClCompile Include="..\..\..\source\manager\coreResource.cpp">
      <Filter>source\manager</Filter>
    </ClCompile>
    <ClCompile Include="..\..\..\source\components\graphics\coreModel.cpp">
      <Filter>source\components\graphics</Filter>
    </ClCompile>
    <ClCompile Include="..\..\..\source\manager\coreMemory.cpp">
      <Filter>source\manager</Filter>
    </ClCompile>
    <ClCompile Include="..\..\..\source\components\audio\coreMusic.cpp">
      <Filter>source\components\audio</Filter>
    </ClCompile>
    <ClCompile Include="..\..\..\source\additional\android\glewES.cpp">
      <Filter>source\additional\android</Filter>
    </ClCompile>
    <ClCompile Include="..\..\..\source\additional\android\SDL_android_main.c">
      <Filter>source\additional\android</Filter>
    </ClCompile>
    <ClCompile Include="..\..\..\source\utilities\data\coreData.cpp">
      <Filter>source\utilities\data</Filter>
    </ClCompile>
    <ClCompile Include="..\..\..\source\utilities\data\coreRand.cpp">
      <Filter>source\utilities\data</Filter>
    </ClCompile>
    <ClCompile Include="..\..\..\source\utilities\file\coreArchive.cpp">
      <Filter>source\utilities\file</Filter>
    </ClCompile>
    <ClCompile Include="..\..\..\source\utilities\file\coreConfig.cpp">
      <Filter>source\utilities\file</Filter>
    </ClCompile>
    <ClCompile Include="..\..\..\source\utilities\file\coreLog.cpp">
      <Filter>source\utilities\file</Filter>
    </ClCompile>
    <ClCompile Include="..\..\..\source\utilities\math\coreMath.cpp">
      <Filter>source\utilities\math</Filter>
    </ClCompile>
    <ClCompile Include="..\..\..\source\utilities\math\coreMatrix.cpp">
      <Filter>source\utilities\math</Filter>
    </ClCompile>
    <ClCompile Include="..\..\..\source\utilities\math\coreSpline.cpp">
      <Filter>source\utilities\math</Filter>
    </ClCompile>
    <ClCompile Include="..\..\..\source\utilities\math\coreVector.cpp">
      <Filter>source\utilities\math</Filter>
    </ClCompile>
    <ClCompile Include="..\..\..\source\manager\coreObject.cpp">
      <Filter>source\manager</Filter>
    </ClCompile>
    <ClCompile Include="..\..\..\source\components\system\CoreSystem.cpp">
      <Filter>source\components\system</Filter>
    </ClCompile>
    <ClCompile Include="..\..\..\source\components\input\CoreInput.cpp">
      <Filter>source\components\input</Filter>
    </ClCompile>
    <ClCompile Include="..\..\..\source\components\graphics\CoreGraphics.cpp">
      <Filter>source\components\graphics</Filter>
    </ClCompile>
    <ClCompile Include="..\..\..\source\components\audio\CoreAudio.cpp">
      <Filter>source\components\audio</Filter>
    </ClCompile>
    <ClCompile Include="..\..\..\source\components\graphics\coreSync.cpp">
      <Filter>source\components\graphics</Filter>
    </ClCompile>
    <ClCompile Include="..\..\..\source\objects\game\coreObject2D.cpp">
      <Filter>source\objects\game</Filter>
    </ClCompile>
    <ClCompile Include="..\..\..\source\objects\game\coreObject3D.cpp">
      <Filter>source\objects\game</Filter>
    </ClCompile>
    <ClCompile Include="..\..\..\source\Core.cpp">
      <Filter>source</Filter>
    </ClCompile>
    <ClCompile Include="..\..\..\source\objects\menu\coreLabel.cpp">
      <Filter>source\objects\menu</Filter>
    </ClCompile>
    <ClCompile Include="..\..\..\source\components\graphics\coreFont.cpp">
      <Filter>source\components\graphics</Filter>
    </ClCompile>
    <ClCompile Include="..\..\..\source\components\graphics\coreFrameBuffer.cpp">
      <Filter>source\components\graphics</Filter>
    </ClCompile>
    <ClCompile Include="..\..\..\source\objects\menu\coreMenu.cpp">
      <Filter>source\objects\menu</Filter>
    </ClCompile>
    <ClCompile Include="..\..\..\source\objects\menu\coreButton.cpp">
      <Filter>source\objects\menu</Filter>
    </ClCompile>
    <ClCompile Include="..\..\..\source\objects\menu\coreTextBox.cpp">
      <Filter>source\objects\menu</Filter>
    </ClCompile>
    <ClCompile Include="..\..\..\source\objects\menu\coreCheckBox.cpp">
      <Filter>source\objects\menu</Filter>
    </ClCompile>
    <ClCompile Include="..\..\..\source\objects\game\coreParticle.cpp">
      <Filter>source\objects\game</Filter>
    </ClCompile>
    <ClCompile Include="..\..\..\source\components\graphics\coreDataBuffer.cpp">
      <Filter>source\components\graphics</Filter>
    </ClCompile>
  </ItemGroup>
  <ItemGroup>
    <ClInclude Include="..\..\..\source\components\audio\coreSound.h">
      <Filter>source\components\audio</Filter>
    </ClInclude>
    <ClInclude Include="..\..\..\source\components\graphics\coreShader.h">
      <Filter>source\components\graphics</Filter>
    </ClInclude>
    <ClInclude Include="..\..\..\source\components\graphics\coreTexture.h">
      <Filter>source\components\graphics</Filter>
    </ClInclude>
    <ClInclude Include="..\..\..\source\components\system\coreThread.h">
      <Filter>source\components\system</Filter>
    </ClInclude>
    <ClInclude Include="..\..\..\source\components\system\coreTimer.h">
      <Filter>source\components\system</Filter>
    </ClInclude>
    <ClInclude Include="..\..\..\source\manager\coreResource.h">
      <Filter>source\manager</Filter>
    </ClInclude>
    <ClInclude Include="..\..\..\source\components\graphics\coreModel.h">
      <Filter>source\components\graphics</Filter>
    </ClInclude>
    <ClInclude Include="..\..\..\source\manager\coreMemory.h">
      <Filter>source\manager</Filter>
    </ClInclude>
    <ClInclude Include="..\..\..\source\components\audio\coreMusic.h">
      <Filter>source\components\audio</Filter>
    </ClInclude>
    <ClInclude Include="..\..\..\source\additional\android\glewES.h">
      <Filter>source\additional\android</Filter>
    </ClInclude>
    <ClInclude Include="..\..\..\source\utilities\data\coreData.h">
      <Filter>source\utilities\data</Filter>
    </ClInclude>
    <ClInclude Include="..\..\..\source\utilities\data\coreRand.h">
      <Filter>source\utilities\data</Filter>
    </ClInclude>
    <ClInclude Include="..\..\..\source\utilities\file\coreArchive.h">
      <Filter>source\utilities\file</Filter>
    </ClInclude>
    <ClInclude Include="..\..\..\source\utilities\file\coreConfig.h">
      <Filter>source\utilities\file</Filter>
    </ClInclude>
    <ClInclude Include="..\..\..\source\utilities\file\coreLog.h">
      <Filter>source\utilities\file</Filter>
    </ClInclude>
    <ClInclude Include="..\..\..\source\utilities\math\coreMath.h">
      <Filter>source\utilities\math</Filter>
    </ClInclude>
    <ClInclude Include="..\..\..\source\utilities\math\coreMatrix.h">
      <Filter>source\utilities\math</Filter>
    </ClInclude>
    <ClInclude Include="..\..\..\source\utilities\math\coreSpline.h">
      <Filter>source\utilities\math</Filter>
    </ClInclude>
    <ClInclude Include="..\..\..\source\utilities\math\coreVector.h">
      <Filter>source\utilities\math</Filter>
    </ClInclude>
    <ClInclude Include="..\..\..\source\manager\coreObject.h">
      <Filter>source\manager</Filter>
    </ClInclude>
    <ClInclude Include="..\..\..\source\components\system\CoreSystem.h">
      <Filter>source\components\system</Filter>
    </ClInclude>
    <ClInclude Include="..\..\..\source\components\input\CoreInput.h">
      <Filter>source\components\input</Filter>
    </ClInclude>
    <ClInclude Include="..\..\..\source\components\graphics\CoreGraphics.h">
      <Filter>source\components\graphics</Filter>
    </ClInclude>
    <ClInclude Include="..\..\..\source\components\audio\CoreAudio.h">
      <Filter>source\components\audio</Filter>
    </ClInclude>
    <ClInclude Include="..\..\..\source\components\graphics\coreSync.h">
      <Filter>source\components\graphics</Filter>
    </ClInclude>
    <ClInclude Include="..\..\..\source\objects\game\coreObject2D.h">
      <Filter>source\objects\game</Filter>
    </ClInclude>
    <ClInclude Include="..\..\..\source\objects\game\coreObject3D.h">
      <Filter>source\objects\game</Filter>
    </ClInclude>
    <ClInclude Include="..\..\..\source\Core.h">
      <Filter>source</Filter>
    </ClInclude>
    <ClInclude Include="..\..\..\source\utilities\data\coreLookup.h">
      <Filter>source\utilities\data</Filter>
    </ClInclude>
    <ClInclude Include="..\..\..\source\objects\menu\coreLabel.h">
      <Filter>source\objects\menu</Filter>
    </ClInclude>
    <ClInclude Include="..\..\..\source\components\graphics\coreFont.h">
      <Filter>source\components\graphics</Filter>
    </ClInclude>
    <ClInclude Include="..\..\..\source\components\graphics\coreFrameBuffer.h">
      <Filter>source\components\graphics</Filter>
    </ClInclude>
    <ClInclude Include="..\..\..\source\objects\menu\coreMenu.h">
      <Filter>source\objects\menu</Filter>
    </ClInclude>
    <ClInclude Include="..\..\..\source\objects\menu\coreButton.h">
      <Filter>source\objects\menu</Filter>
    </ClInclude>
    <ClInclude Include="..\..\..\source\objects\menu\coreTextBox.h">
      <Filter>source\objects\menu</Filter>
    </ClInclude>
    <ClInclude Include="..\..\..\source\objects\menu\coreCheckBox.h">
      <Filter>source\objects\menu</Filter>
    </ClInclude>
    <ClInclude Include="..\..\..\source\objects\menu\coreSwitchBox.h">
      <Filter>source\objects\menu</Filter>
    </ClInclude>
    <ClInclude Include="..\..\..\source\objects\game\coreParticle.h">
      <Filter>source\objects\game</Filter>
    </ClInclude>
    <ClInclude Include="..\..\..\source\utilities\file\coreLanguage.h">
      <Filter>source\utilities\file</Filter>
    </ClInclude>
    <ClInclude Include="..\..\..\source\components\graphics\coreDataBuffer.h">
      <Filter>source\components\graphics</Filter>
    </ClInclude>
  </ItemGroup>
</Project>