<?xml version="1.0" encoding="UTF-8" standalone="yes" ?>
<CodeBlocks_project_file>
	<FileVersion major="1" minor="6" />
	<Project>
		<Option title="CoreEngine" />
		<Option pch_mode="2" />
		<Option compiler="gcc" />
		<Build>
			<Target title="Debug Windows">
				<Option output="../../executable/bin/windows/CoreEngine_mingw_debug" prefix_auto="1" extension_auto="1" />
				<Option working_dir="../../executable/bin/windows/" />
				<Option object_output="obj/Debug/" />
				<Option type="0" />
				<Option compiler="gcc" />
				<Compiler>
					<Add option="-g" />
					<Add option="-D_DEBUG" />
				</Compiler>
				<Linker>
					<Add library="MinGW32" />
					<Add library="..\..\libraries\windows\mingw\libSDL2main.a" />
					<Add library="..\..\libraries\windows\mingw\libSDL2.a" />
					<Add library="..\..\libraries\windows\mingw\libSDL2_ttf.a" />
					<Add library="..\..\libraries\windows\mingw\libSDL2_image.a" />
					<Add library="..\..\libraries\windows\OpenGL32.lib" />
					<Add library="..\..\libraries\windows\glew32mx.lib" />
					<Add library="..\..\libraries\windows\libOpenAL32.a" />
					<Add library="..\..\libraries\windows\libogg.lib" />
					<Add library="..\..\libraries\windows\libvorbis.lib" />
					<Add library="..\..\libraries\windows\libvorbisfile.lib" />
				</Linker>
			</Target>
			<Target title="Release Windows">
				<Option output="../../executable/bin/windows/CoreEngine_mingw" prefix_auto="1" extension_auto="1" />
				<Option working_dir="../../executable/bin/windows/" />
				<Option object_output="obj/Release/" />
				<Option type="0" />
				<Option compiler="gcc" />
				<Compiler>
					<Add option="-O2" />
				</Compiler>
				<Linker>
					<Add option="-s" />
					<Add option="-static-libgcc" />
					<Add option="-static-libstdc++" />
					<Add library="MinGW32" />
					<Add library="..\..\libraries\windows\mingw\libSDL2main.a" />
					<Add library="..\..\libraries\windows\mingw\libSDL2.a" />
					<Add library="..\..\libraries\windows\mingw\libSDL2_ttf.a" />
					<Add library="..\..\libraries\windows\mingw\libSDL2_image.a" />
					<Add library="..\..\libraries\windows\OpenGL32.lib" />
					<Add library="..\..\libraries\windows\glew32mx.lib" />
					<Add library="..\..\libraries\windows\libOpenAL32.a" />
					<Add library="..\..\libraries\windows\libogg.lib" />
					<Add library="..\..\libraries\windows\libvorbis.lib" />
					<Add library="..\..\libraries\windows\libvorbisfile.lib" />
				</Linker>
			</Target>
			<Target title="Debug Linux">
				<Option output="../../executable/bin/linux/CoreEngine_gcc_debug" prefix_auto="1" extension_auto="1" />
				<Option working_dir="../../executable/bin/linux/" />
				<Option object_output="obj/Debug/" />
				<Option type="0" />
				<Option compiler="gcc" />
				<Compiler>
					<Add option="-g" />
					<Add option="-D_DEBUG" />
				</Compiler>
				<Linker>
					<Add library="GL" />
					<Add library="..\..\libraries\linux\libSDL2.so" />
					<Add library="..\..\libraries\linux\libSDL2_ttf.so" />
					<Add library="..\..\libraries\linux\libSDL2_image.so" />
					<Add library="..\..\libraries\linux\libGLEWmx.so" />
					<Add library="..\..\libraries\linux\libopenal.so" />
					<Add library="..\..\libraries\linux\libogg.so" />
					<Add library="..\..\libraries\linux\libvorbis.so" />
					<Add library="..\..\libraries\linux\libvorbisfile.so" />
				</Linker>
			</Target>
			<Target title="Release Linux">
				<Option output="../../executable/bin/linux/CoreEngine_gcc" prefix_auto="1" extension_auto="1" />
				<Option working_dir="../../executable/bin/linux/" />
				<Option object_output="obj/Release/" />
				<Option type="0" />
				<Option compiler="gcc" />
				<Compiler>
					<Add option="-O2" />
				</Compiler>
				<Linker>
					<Add option="-s" />
					<Add library="GL" />
					<Add library="..\..\libraries\linux\libSDL2.so" />
					<Add library="..\..\libraries\linux\libSDL2_ttf.so" />
					<Add library="..\..\libraries\linux\libSDL2_image.so" />
					<Add library="..\..\libraries\linux\libGLEWmx.so" />
					<Add library="..\..\libraries\linux\libopenal.so" />
					<Add library="..\..\libraries\linux\libogg.so" />
					<Add library="..\..\libraries\linux\libvorbis.so" />
					<Add library="..\..\libraries\linux\libvorbisfile.so" />
				</Linker>
			</Target>
		</Build>
		<Compiler>
			<Add option="-std=c++11" />
			<Add option="-Wall" />
			<Add option="-Wno-unused-variable" />
			<Add option="-msse4.1" />
			<Add directory="../../source" />
			<Add directory="../../libraries/include" />
		</Compiler>
		<Unit filename="../../source/Core.cpp" />
		<Unit filename="../../source/Core.h" />
		<Unit filename="../../source/components/audio/coreSound.cpp" />
		<Unit filename="../../source/components/audio/coreSound.h" />
		<Unit filename="../../source/components/graphics/coreShader.cpp" />
		<Unit filename="../../source/components/graphics/coreShader.h" />
		<Unit filename="../../source/components/graphics/coreTexture.cpp" />
		<Unit filename="../../source/components/graphics/coreTexture.h" />
		<Unit filename="../../source/components/system/coreThread.cpp" />
		<Unit filename="../../source/components/system/coreThread.h" />
		<Unit filename="../../source/components/system/coreTimer.cpp" />
		<Unit filename="../../source/components/system/coreTimer.h" />
		<Unit filename="../../source/files/coreArchive.cpp" />
		<Unit filename="../../source/files/coreArchive.h" />
		<Unit filename="../../source/files/coreConfig.cpp" />
		<Unit filename="../../source/files/coreConfig.h" />
		<Unit filename="../../source/files/coreLog.cpp" />
		<Unit filename="../../source/files/coreLog.h" />
		<Unit filename="../../source/interfaces/CoreAudio.cpp" />
		<Unit filename="../../source/interfaces/CoreAudio.h" />
		<Unit filename="../../source/interfaces/CoreGraphics.cpp" />
		<Unit filename="../../source/interfaces/CoreGraphics.h" />
		<Unit filename="../../source/interfaces/CoreInput.cpp" />
		<Unit filename="../../source/interfaces/CoreInput.h" />
		<Unit filename="../../source/interfaces/CoreSystem.cpp" />
		<Unit filename="../../source/interfaces/CoreSystem.h" />
		<Unit filename="../../source/manager/coreResourceManager.cpp" />
		<Unit filename="../../source/manager/coreResourceManager.h" />
		<Unit filename="../../source/utilities/coreMath.cpp" />
		<Unit filename="../../source/utilities/coreMath.h" />
		<Unit filename="../../source/utilities/coreMatrix.cpp" />
		<Unit filename="../../source/utilities/coreMatrix.h" />
		<Unit filename="../../source/utilities/coreRand.cpp" />
		<Unit filename="../../source/utilities/coreRand.h" />
		<Unit filename="../../source/utilities/coreSpline.cpp" />
		<Unit filename="../../source/utilities/coreSpline.h" />
		<Unit filename="../../source/utilities/coreUtils.cpp" />
		<Unit filename="../../source/utilities/coreUtils.h" />
		<Unit filename="../../source/utilities/coreVector.cpp" />
		<Unit filename="../../source/utilities/coreVector.h" />
		<Unit filename="../main.cpp" />
		<Extensions>
			<code_completion />
			<envvars />
			<debugger />
			<lib_finder disable_auto="1" />
			<DoxyBlocks>
				<comment_style block="3" line="3" />
				<doxyfile_project />
				<doxyfile_build />
				<doxyfile_warnings />
				<doxyfile_output />
				<doxyfile_dot />
				<general />
			</DoxyBlocks>
		</Extensions>
	</Project>
</CodeBlocks_project_file>
